
Microsoft Visual Studio Solution File, Format Version 12.00
# Visual Studio Version 17
VisualStudioVersion = 17.11.35303.130
MinimumVisualStudioVersion = 10.0.40219.1
Project("{FAE04EC0-301F-11D3-BF4B-00C04F79EFBC}") = "Partial view and view component", "Partial view and view component\Partial view and view component.csproj", "{2043A290-7073-4011-B617-90F3D16AD88C}"
EndProject
Global
	GlobalSection(SolutionConfigurationPlatforms) = preSolution
		Debug|Any CPU = Debug|Any CPU
		Release|Any CPU = Release|Any CPU
	EndGlobalSection
	GlobalSection(ProjectConfigurationPlatforms) = postSolution
		{2043A290-7073-4011-B617-90F3D16AD88C}.Debug|Any CPU.ActiveCfg = Debug|Any CPU
		{2043A290-7073-4011-B617-90F3D16AD88C}.Debug|Any CPU.Build.0 = Debug|Any CPU
		{2043A290-7073-4011-B617-90F3D16AD88C}.Release|Any CPU.ActiveCfg = Release|Any CPU
		{2043A290-7073-4011-B617-90F3D16AD88C}.Release|Any CPU.Build.0 = Release|Any CPU
	EndGlobalSection
	GlobalSection(SolutionProperties) = preSolution
		HideSolutionNode = FALSE
	EndGlobalSection
	GlobalSection(ExtensibilityGlobals) = postSolution
		SolutionGuid = {C052E368-54EA-4F09-B6DD-35407A89FB18}
	EndGlobalSection
EndGlobal
